
Microsoft Visual Studio Solution File, Format Version 12.00
# Visual Studio Version 17
VisualStudioVersion = 17.3.32825.248
MinimumVisualStudioVersion = 10.0.40219.1
Project("{FAE04EC0-301F-11D3-BF4B-00C04F79EFBC}") = "Cviceni5.12.2022", "Cviceni5.12.2022\Cviceni5.12.2022.csproj", "{6FBE2D64-C5E1-41E1-9222-337EBF7602DF}"
EndProject
Global
	GlobalSection(SolutionConfigurationPlatforms) = preSolution
		Debug|Any CPU = Debug|Any CPU
		Release|Any CPU = Release|Any CPU
	EndGlobalSection
	GlobalSection(ProjectConfigurationPlatforms) = postSolution
		{6FBE2D64-C5E1-41E1-9222-337EBF7602DF}.Debug|Any CPU.ActiveCfg = Debug|Any CPU
		{6FBE2D64-C5E1-41E1-9222-337EBF7602DF}.Debug|Any CPU.Build.0 = Debug|Any CPU
		{6FBE2D64-C5E1-41E1-9222-337EBF7602DF}.Release|Any CPU.ActiveCfg = Release|Any CPU
		{6FBE2D64-C5E1-41E1-9222-337EBF7602DF}.Release|Any CPU.Build.0 = Release|Any CPU
	EndGlobalSection
	GlobalSection(SolutionProperties) = preSolution
		HideSolutionNode = FALSE
	EndGlobalSection
	GlobalSection(ExtensibilityGlobals) = postSolution
		SolutionGuid = {E3D7B0CE-8E7C-415E-ACB1-BCF845B2D847}
	EndGlobalSection
EndGlobal
